
Microsoft Visual Studio Solution File, Format Version 12.00
# Visual Studio 15
Project("{FAE04EC0-301F-11D3-BF4B-00C04F79EFBC}") = "Assembly-CSharp", "Assembly-CSharp.csproj", "{4E1D623C-C737-190C-8D62-F3DDBD6D2BF8}"
EndProject
Project("{FAE04EC0-301F-11D3-BF4B-00C04F79EFBC}") = "Assembly-CSharp-Editor", "Assembly-CSharp-Editor.csproj", "{4EC00CDF-716C-6A91-D489-45F763EF549C}"
EndProject
Global
	GlobalSection(SolutionConfigurationPlatforms) = preSolution
		Debug|Any CPU = Debug|Any CPU
		Release|Any CPU = Release|Any CPU
	EndGlobalSection
	GlobalSection(ProjectConfigurationPlatforms) = postSolution
		{4E1D623C-C737-190C-8D62-F3DDBD6D2BF8}.Debug|Any CPU.ActiveCfg = Debug|Any CPU
		{4E1D623C-C737-190C-8D62-F3DDBD6D2BF8}.Debug|Any CPU.Build.0 = Debug|Any CPU
		{4E1D623C-C737-190C-8D62-F3DDBD6D2BF8}.Release|Any CPU.ActiveCfg = Release|Any CPU
		{4E1D623C-C737-190C-8D62-F3DDBD6D2BF8}.Release|Any CPU.Build.0 = Release|Any CPU
		{4EC00CDF-716C-6A91-D489-45F763EF549C}.Debug|Any CPU.ActiveCfg = Debug|Any CPU
		{4EC00CDF-716C-6A91-D489-45F763EF549C}.Debug|Any CPU.Build.0 = Debug|Any CPU
		{4EC00CDF-716C-6A91-D489-45F763EF549C}.Release|Any CPU.ActiveCfg = Release|Any CPU
		{4EC00CDF-716C-6A91-D489-45F763EF549C}.Release|Any CPU.Build.0 = Release|Any CPU
	EndGlobalSection
	GlobalSection(SolutionProperties) = preSolution
		HideSolutionNode = FALSE
	EndGlobalSection
EndGlobal
